{
  "projects": [
    {
      "projectId": "5mf52pddX4JykqxN3idS7N",
      "version": "latest",
      "dependencies": {},
      "lang": "ts",
      "fileLocks": [
        {
          "type": "globalVariant",
          "assetId": "ebQNMa1O0ncHo",
          "checksum": "d25dcce69f3146fc70d00838276ce4d4"
        },
        {
          "type": "renderModule",
          "assetId": "sit8l33f_8L0V",
          "checksum": "5bae0ed9fa1d3dde44de63c805950d76"
        },
        {
          "type": "cssRules",
          "assetId": "sit8l33f_8L0V",
          "checksum": "5bae0ed9fa1d3dde44de63c805950d76"
        },
        {
          "type": "renderModule",
          "assetId": "Jz4LsPFDnrC9P",
          "checksum": "9046560290215c7be38f54d84c9a1985"
        },
        {
          "type": "cssRules",
          "assetId": "Jz4LsPFDnrC9P",
          "checksum": "9046560290215c7be38f54d84c9a1985"
        },
        {
          "type": "renderModule",
          "assetId": "lL-gA_SHENuq8",
          "checksum": "7732ceb49422bf680417b4416908a666"
        },
        {
          "type": "cssRules",
          "assetId": "lL-gA_SHENuq8",
          "checksum": "7732ceb49422bf680417b4416908a666"
        },
        {
          "type": "renderModule",
          "assetId": "aIVrGH9qBMI5z",
          "checksum": "3b454df0de3d5c84aae41e10bbfcb9e5"
        },
        {
          "type": "cssRules",
          "assetId": "aIVrGH9qBMI5z",
          "checksum": "3b454df0de3d5c84aae41e10bbfcb9e5"
        },
        {
          "type": "renderModule",
          "assetId": "MOo2ZKYCDwqpy",
          "checksum": "6bbebd8e4969c9bc2047b983e19432f9"
        },
        {
          "type": "cssRules",
          "assetId": "MOo2ZKYCDwqpy",
          "checksum": "6bbebd8e4969c9bc2047b983e19432f9"
        },
        {
          "type": "globalVariant",
          "assetId": "OZDSll_I_X1k5",
          "checksum": "d9e73a06db16e1be069a076cdbf880fd"
        },
        {
          "assetId": "5mf52pddX4JykqxN3idS7N",
          "type": "projectCss",
          "checksum": "751a57135cbfc2020c359cd5f6ce767b"
        },
        {
          "type": "renderModule",
          "assetId": "jm-lBKIQa-",
          "checksum": "53b92cc7ffe1564e56dd9ab8b8e51403"
        },
        {
          "type": "cssRules",
          "assetId": "jm-lBKIQa-",
          "checksum": "53b92cc7ffe1564e56dd9ab8b8e51403"
        },
        {
          "type": "renderModule",
          "assetId": "op352L2TJk0",
          "checksum": "9c9d60948627b8d3f0b31a11394a8dd0"
        },
        {
          "type": "cssRules",
          "assetId": "op352L2TJk0",
          "checksum": "9c9d60948627b8d3f0b31a11394a8dd0"
        },
        {
          "type": "icon",
          "assetId": "UC8V23cLoCS",
          "checksum": "b43e4e3dfbc1197db240eb1912701134"
        },
        {
          "type": "icon",
          "assetId": "4DjTyqmiBWb",
          "checksum": "ed7b88f100145d1db15f198cf6a20208"
        },
        {
          "type": "image",
          "assetId": "wDrSaaJ2f",
          "checksum": "83ba730ddf7cd21279793fcc8a177d6c"
        }
      ],
      "codegenVersion": "0.0.1"
    }
  ],
  "cliVersion": "0.1.178"
}
